
Microsoft Visual Studio Solution File, Format Version 12.00
# Visual Studio Version 16
VisualStudioVersion = 16.0.31729.503
MinimumVisualStudioVersion = 10.0.40219.1
Project("{2150E333-8FDC-42A3-9474-1A3956D46DE8}") = "Services", "Services", "{9AD751CA-0988-45A5-A29F-F422F6716B43}"
EndProject
Project("{2150E333-8FDC-42A3-9474-1A3956D46DE8}") = "Catalog", "Catalog", "{72B6B334-1977-4C68-B11F-EA079F5CDAAA}"
EndProject
Project("{9A19103F-16F7-4668-BE54-9A1E7A4F7556}") = "Catalog.API", "Services\Catalog\Catalog.API\Catalog.API.csproj", "{411773EA-8BB7-4C28-908B-68602A2BEF50}"
EndProject
Project("{E53339B2-1760-4266-BCC7-CA923CBCF16C}") = "docker-compose", "docker-compose.dcproj", "{228F1B7E-5BAA-47C8-BFDA-99B81E767854}"
EndProject
Project("{2150E333-8FDC-42A3-9474-1A3956D46DE8}") = "Basket", "Basket", "{945069D3-9DB5-4FB3-8986-1BF67CE47D1B}"
EndProject
Project("{FAE04EC0-301F-11D3-BF4B-00C04F79EFBC}") = "Basket.API", "Services\Basket\Basket.API\Basket.API.csproj", "{73AE3577-E8B4-4F08-B099-620BB1995944}"
EndProject
Project("{2150E333-8FDC-42A3-9474-1A3956D46DE8}") = "Discount", "Discount", "{6E631A60-0B89-4348-BCCC-9D013B713AC6}"
EndProject
Project("{FAE04EC0-301F-11D3-BF4B-00C04F79EFBC}") = "Discount.API", "Services\Discount\Discount.API\Discount.API.csproj", "{7D3E243B-311F-4395-A59C-2EF6FE828F4A}"
EndProject
Project("{FAE04EC0-301F-11D3-BF4B-00C04F79EFBC}") = "Discount.Grpc", "Services\Discount\Discount.Grpc\Discount.Grpc.csproj", "{F1079C91-84A4-4B01-AACE-7E323DDE57E5}"
EndProject
Project("{2150E333-8FDC-42A3-9474-1A3956D46DE8}") = "Ordering", "Ordering", "{27D3AC7D-D4C2-4230-8665-AC39477DDDD0}"
EndProject
Project("{FAE04EC0-301F-11D3-BF4B-00C04F79EFBC}") = "Ordering.API", "Services\Ordering\Ordering.API\Ordering.API.csproj", "{E53C6D21-6415-4709-8331-E0CF8F924673}"
EndProject
Project("{FAE04EC0-301F-11D3-BF4B-00C04F79EFBC}") = "Ordering.Domain", "Services\Ordering\Ordering.Domain\Ordering.Domain.csproj", "{930977AE-F6E8-41CD-925F-6413EBA0D495}"
EndProject
Project("{FAE04EC0-301F-11D3-BF4B-00C04F79EFBC}") = "Ordering.Application", "Services\Ordering\Ordering.Application\Ordering.Application.csproj", "{925699EA-3562-46CB-A057-BF73358A5E03}"
EndProject
Project("{FAE04EC0-301F-11D3-BF4B-00C04F79EFBC}") = "Ordering.Infrastructure", "Services\Ordering\Ordering.Infrastructure\Ordering.Infrastructure.csproj", "{77967021-2166-4FA2-8535-4021C3F5336F}"
EndProject
Project("{2150E333-8FDC-42A3-9474-1A3956D46DE8}") = "BuildingBlocks", "BuildingBlocks", "{69D8CAB5-21A1-4D9E-8D8C-0BB4082EDBD6}"
EndProject
Project("{FAE04EC0-301F-11D3-BF4B-00C04F79EFBC}") = "EventBus.Messages", "BuildingBlocks\EventBus.Messages\EventBus.Messages.csproj", "{BF295833-39F6-4217-8818-798D249E5E4A}"
EndProject
Project("{2150E333-8FDC-42A3-9474-1A3956D46DE8}") = "ApiGateways", "ApiGateways", "{4BE2ABE8-47C8-4BD3-911B-19CBF50F464D}"
EndProject
Project("{FAE04EC0-301F-11D3-BF4B-00C04F79EFBC}") = "OcelotApiGw", "ApiGateways\OcelotApiGw\OcelotApiGw.csproj", "{7380E8E2-1CDA-494E-B7E3-DD4A44E9B92B}"
EndProject
Global
	GlobalSection(SolutionConfigurationPlatforms) = preSolution
		Debug|Any CPU = Debug|Any CPU
		Release|Any CPU = Release|Any CPU
	EndGlobalSection
	GlobalSection(ProjectConfigurationPlatforms) = postSolution
		{411773EA-8BB7-4C28-908B-68602A2BEF50}.Debug|Any CPU.ActiveCfg = Debug|Any CPU
		{411773EA-8BB7-4C28-908B-68602A2BEF50}.Debug|Any CPU.Build.0 = Debug|Any CPU
		{411773EA-8BB7-4C28-908B-68602A2BEF50}.Release|Any CPU.ActiveCfg = Release|Any CPU
		{411773EA-8BB7-4C28-908B-68602A2BEF50}.Release|Any CPU.Build.0 = Release|Any CPU
		{228F1B7E-5BAA-47C8-BFDA-99B81E767854}.Debug|Any CPU.ActiveCfg = Debug|Any CPU
		{228F1B7E-5BAA-47C8-BFDA-99B81E767854}.Debug|Any CPU.Build.0 = Debug|Any CPU
		{228F1B7E-5BAA-47C8-BFDA-99B81E767854}.Release|Any CPU.ActiveCfg = Release|Any CPU
		{228F1B7E-5BAA-47C8-BFDA-99B81E767854}.Release|Any CPU.Build.0 = Release|Any CPU
		{73AE3577-E8B4-4F08-B099-620BB1995944}.Debug|Any CPU.ActiveCfg = Debug|Any CPU
		{73AE3577-E8B4-4F08-B099-620BB1995944}.Debug|Any CPU.Build.0 = Debug|Any CPU
		{73AE3577-E8B4-4F08-B099-620BB1995944}.Release|Any CPU.ActiveCfg = Release|Any CPU
		{73AE3577-E8B4-4F08-B099-620BB1995944}.Release|Any CPU.Build.0 = Release|Any CPU
		{7D3E243B-311F-4395-A59C-2EF6FE828F4A}.Debug|Any CPU.ActiveCfg = Debug|Any CPU
		{7D3E243B-311F-4395-A59C-2EF6FE828F4A}.Debug|Any CPU.Build.0 = Debug|Any CPU
		{7D3E243B-311F-4395-A59C-2EF6FE828F4A}.Release|Any CPU.ActiveCfg = Release|Any CPU
		{7D3E243B-311F-4395-A59C-2EF6FE828F4A}.Release|Any CPU.Build.0 = Release|Any CPU
		{F1079C91-84A4-4B01-AACE-7E323DDE57E5}.Debug|Any CPU.ActiveCfg = Debug|Any CPU
		{F1079C91-84A4-4B01-AACE-7E323DDE57E5}.Debug|Any CPU.Build.0 = Debug|Any CPU
		{F1079C91-84A4-4B01-AACE-7E323DDE57E5}.Release|Any CPU.ActiveCfg = Release|Any CPU
		{F1079C91-84A4-4B01-AACE-7E323DDE57E5}.Release|Any CPU.Build.0 = Release|Any CPU
		{E53C6D21-6415-4709-8331-E0CF8F924673}.Debug|Any CPU.ActiveCfg = Debug|Any CPU
		{E53C6D21-6415-4709-8331-E0CF8F924673}.Debug|Any CPU.Build.0 = Debug|Any CPU
		{E53C6D21-6415-4709-8331-E0CF8F924673}.Release|Any CPU.ActiveCfg = Release|Any CPU
		{E53C6D21-6415-4709-8331-E0CF8F924673}.Release|Any CPU.Build.0 = Release|Any CPU
		{930977AE-F6E8-41CD-925F-6413EBA0D495}.Debug|Any CPU.ActiveCfg = Debug|Any CPU
		{930977AE-F6E8-41CD-925F-6413EBA0D495}.Debug|Any CPU.Build.0 = Debug|Any CPU
		{930977AE-F6E8-41CD-925F-6413EBA0D495}.Release|Any CPU.ActiveCfg = Release|Any CPU
		{930977AE-F6E8-41CD-925F-6413EBA0D495}.Release|Any CPU.Build.0 = Release|Any CPU
		{925699EA-3562-46CB-A057-BF73358A5E03}.Debug|Any CPU.ActiveCfg = Debug|Any CPU
		{925699EA-3562-46CB-A057-BF73358A5E03}.Debug|Any CPU.Build.0 = Debug|Any CPU
		{925699EA-3562-46CB-A057-BF73358A5E03}.Release|Any CPU.ActiveCfg = Release|Any CPU
		{925699EA-3562-46CB-A057-BF73358A5E03}.Release|Any CPU.Build.0 = Release|Any CPU
		{77967021-2166-4FA2-8535-4021C3F5336F}.Debug|Any CPU.ActiveCfg = Debug|Any CPU
		{77967021-2166-4FA2-8535-4021C3F5336F}.Debug|Any CPU.Build.0 = Debug|Any CPU
		{77967021-2166-4FA2-8535-4021C3F5336F}.Release|Any CPU.ActiveCfg = Release|Any CPU
		{77967021-2166-4FA2-8535-4021C3F5336F}.Release|Any CPU.Build.0 = Release|Any CPU
		{BF295833-39F6-4217-8818-798D249E5E4A}.Debug|Any CPU.ActiveCfg = Debug|Any CPU
		{BF295833-39F6-4217-8818-798D249E5E4A}.Debug|Any CPU.Build.0 = Debug|Any CPU
		{BF295833-39F6-4217-8818-798D249E5E4A}.Release|Any CPU.ActiveCfg = Release|Any CPU
		{BF295833-39F6-4217-8818-798D249E5E4A}.Release|Any CPU.Build.0 = Release|Any CPU
		{7380E8E2-1CDA-494E-B7E3-DD4A44E9B92B}.Debug|Any CPU.ActiveCfg = Debug|Any CPU
		{7380E8E2-1CDA-494E-B7E3-DD4A44E9B92B}.Debug|Any CPU.Build.0 = Debug|Any CPU
		{7380E8E2-1CDA-494E-B7E3-DD4A44E9B92B}.Release|Any CPU.ActiveCfg = Release|Any CPU
		{7380E8E2-1CDA-494E-B7E3-DD4A44E9B92B}.Release|Any CPU.Build.0 = Release|Any CPU
	EndGlobalSection
	GlobalSection(SolutionProperties) = preSolution
		HideSolutionNode = FALSE
	EndGlobalSection
	GlobalSection(NestedProjects) = preSolution
		{72B6B334-1977-4C68-B11F-EA079F5CDAAA} = {9AD751CA-0988-45A5-A29F-F422F6716B43}
		{411773EA-8BB7-4C28-908B-68602A2BEF50} = {72B6B334-1977-4C68-B11F-EA079F5CDAAA}
		{945069D3-9DB5-4FB3-8986-1BF67CE47D1B} = {9AD751CA-0988-45A5-A29F-F422F6716B43}
		{73AE3577-E8B4-4F08-B099-620BB1995944} = {945069D3-9DB5-4FB3-8986-1BF67CE47D1B}
		{6E631A60-0B89-4348-BCCC-9D013B713AC6} = {9AD751CA-0988-45A5-A29F-F422F6716B43}
		{7D3E243B-311F-4395-A59C-2EF6FE828F4A} = {6E631A60-0B89-4348-BCCC-9D013B713AC6}
		{F1079C91-84A4-4B01-AACE-7E323DDE57E5} = {6E631A60-0B89-4348-BCCC-9D013B713AC6}
		{27D3AC7D-D4C2-4230-8665-AC39477DDDD0} = {9AD751CA-0988-45A5-A29F-F422F6716B43}
		{E53C6D21-6415-4709-8331-E0CF8F924673} = {27D3AC7D-D4C2-4230-8665-AC39477DDDD0}
		{930977AE-F6E8-41CD-925F-6413EBA0D495} = {27D3AC7D-D4C2-4230-8665-AC39477DDDD0}
		{925699EA-3562-46CB-A057-BF73358A5E03} = {27D3AC7D-D4C2-4230-8665-AC39477DDDD0}
		{77967021-2166-4FA2-8535-4021C3F5336F} = {27D3AC7D-D4C2-4230-8665-AC39477DDDD0}
		{BF295833-39F6-4217-8818-798D249E5E4A} = {69D8CAB5-21A1-4D9E-8D8C-0BB4082EDBD6}
		{7380E8E2-1CDA-494E-B7E3-DD4A44E9B92B} = {4BE2ABE8-47C8-4BD3-911B-19CBF50F464D}
	EndGlobalSection
	GlobalSection(ExtensibilityGlobals) = postSolution
		SolutionGuid = {EC2AE748-4808-4717-A76C-C025A115EF12}
	EndGlobalSection
EndGlobal
