
Microsoft Visual Studio Solution File, Format Version 12.00
# Visual Studio Version 16
VisualStudioVersion = 16.0.31729.503
MinimumVisualStudioVersion = 10.0.40219.1
Project("{2150E333-8FDC-42A3-9474-1A3956D46DE8}") = "Services", "Services", "{9AD751CA-0988-45A5-A29F-F422F6716B43}"
EndProject
Project("{2150E333-8FDC-42A3-9474-1A3956D46DE8}") = "Catalog", "Catalog", "{72B6B334-1977-4C68-B11F-EA079F5CDAAA}"
EndProject
Project("{9A19103F-16F7-4668-BE54-9A1E7A4F7556}") = "Catalog.API", "Services\Catalog\Catalog.API\Catalog.API.csproj", "{411773EA-8BB7-4C28-908B-68602A2BEF50}"
EndProject
Project("{E53339B2-1760-4266-BCC7-CA923CBCF16C}") = "docker-compose", "docker-compose.dcproj", "{228F1B7E-5BAA-47C8-BFDA-99B81E767854}"
EndProject
Project("{2150E333-8FDC-42A3-9474-1A3956D46DE8}") = "Basket", "Basket", "{945069D3-9DB5-4FB3-8986-1BF67CE47D1B}"
EndProject
Project("{FAE04EC0-301F-11D3-BF4B-00C04F79EFBC}") = "Basket.API", "Services\Basket\Basket.API\Basket.API.csproj", "{73AE3577-E8B4-4F08-B099-620BB1995944}"
EndProject
Project("{2150E333-8FDC-42A3-9474-1A3956D46DE8}") = "Discount", "Discount", "{6E631A60-0B89-4348-BCCC-9D013B713AC6}"
EndProject
Project("{FAE04EC0-301F-11D3-BF4B-00C04F79EFBC}") = "Discount.API", "Services\Discount\Discount.API\Discount.API.csproj", "{7D3E243B-311F-4395-A59C-2EF6FE828F4A}"
EndProject
Global
	GlobalSection(SolutionConfigurationPlatforms) = preSolution
		Debug|Any CPU = Debug|Any CPU
		Release|Any CPU = Release|Any CPU
	EndGlobalSection
	GlobalSection(ProjectConfigurationPlatforms) = postSolution
		{411773EA-8BB7-4C28-908B-68602A2BEF50}.Debug|Any CPU.ActiveCfg = Debug|Any CPU
		{411773EA-8BB7-4C28-908B-68602A2BEF50}.Debug|Any CPU.Build.0 = Debug|Any CPU
		{411773EA-8BB7-4C28-908B-68602A2BEF50}.Release|Any CPU.ActiveCfg = Release|Any CPU
		{411773EA-8BB7-4C28-908B-68602A2BEF50}.Release|Any CPU.Build.0 = Release|Any CPU
		{228F1B7E-5BAA-47C8-BFDA-99B81E767854}.Debug|Any CPU.ActiveCfg = Debug|Any CPU
		{228F1B7E-5BAA-47C8-BFDA-99B81E767854}.Debug|Any CPU.Build.0 = Debug|Any CPU
		{228F1B7E-5BAA-47C8-BFDA-99B81E767854}.Release|Any CPU.ActiveCfg = Release|Any CPU
		{228F1B7E-5BAA-47C8-BFDA-99B81E767854}.Release|Any CPU.Build.0 = Release|Any CPU
		{73AE3577-E8B4-4F08-B099-620BB1995944}.Debug|Any CPU.ActiveCfg = Debug|Any CPU
		{73AE3577-E8B4-4F08-B099-620BB1995944}.Debug|Any CPU.Build.0 = Debug|Any CPU
		{73AE3577-E8B4-4F08-B099-620BB1995944}.Release|Any CPU.ActiveCfg = Release|Any CPU
		{73AE3577-E8B4-4F08-B099-620BB1995944}.Release|Any CPU.Build.0 = Release|Any CPU
		{7D3E243B-311F-4395-A59C-2EF6FE828F4A}.Debug|Any CPU.ActiveCfg = Debug|Any CPU
		{7D3E243B-311F-4395-A59C-2EF6FE828F4A}.Debug|Any CPU.Build.0 = Debug|Any CPU
		{7D3E243B-311F-4395-A59C-2EF6FE828F4A}.Release|Any CPU.ActiveCfg = Release|Any CPU
		{7D3E243B-311F-4395-A59C-2EF6FE828F4A}.Release|Any CPU.Build.0 = Release|Any CPU
	EndGlobalSection
	GlobalSection(SolutionProperties) = preSolution
		HideSolutionNode = FALSE
	EndGlobalSection
	GlobalSection(NestedProjects) = preSolution
		{72B6B334-1977-4C68-B11F-EA079F5CDAAA} = {9AD751CA-0988-45A5-A29F-F422F6716B43}
		{411773EA-8BB7-4C28-908B-68602A2BEF50} = {72B6B334-1977-4C68-B11F-EA079F5CDAAA}
		{945069D3-9DB5-4FB3-8986-1BF67CE47D1B} = {9AD751CA-0988-45A5-A29F-F422F6716B43}
		{73AE3577-E8B4-4F08-B099-620BB1995944} = {945069D3-9DB5-4FB3-8986-1BF67CE47D1B}
		{6E631A60-0B89-4348-BCCC-9D013B713AC6} = {9AD751CA-0988-45A5-A29F-F422F6716B43}
		{7D3E243B-311F-4395-A59C-2EF6FE828F4A} = {6E631A60-0B89-4348-BCCC-9D013B713AC6}
	EndGlobalSection
	GlobalSection(ExtensibilityGlobals) = postSolution
		SolutionGuid = {EC2AE748-4808-4717-A76C-C025A115EF12}
	EndGlobalSection
EndGlobal
